
Microsoft Visual Studio Solution File, Format Version 12.00
# Visual Studio Version 16
VisualStudioVersion = 16.0.30204.135
MinimumVisualStudioVersion = 10.0.40219.1
Project("{9A19103F-16F7-4668-BE54-9A1E7A4F7556}") = "Gunplay", "Gunplay.csproj", "{F7EC4C74-CEBB-4A9F-9F2E-7592E23640CD}"
EndProject
Global
	GlobalSection(SolutionConfigurationPlatforms) = preSolution
		Debug|Any CPU = Debug|Any CPU
		Release|Any CPU = Release|Any CPU
	EndGlobalSection
	GlobalSection(ProjectConfigurationPlatforms) = postSolution
		{F7EC4C74-CEBB-4A9F-9F2E-7592E23640CD}.Debug|Any CPU.ActiveCfg = Debug|Any CPU
		{F7EC4C74-CEBB-4A9F-9F2E-7592E23640CD}.Debug|Any CPU.Build.0 = Debug|Any CPU
		{F7EC4C74-CEBB-4A9F-9F2E-7592E23640CD}.Release|Any CPU.ActiveCfg = Release|Any CPU
		{F7EC4C74-CEBB-4A9F-9F2E-7592E23640CD}.Release|Any CPU.Build.0 = Release|Any CPU
	EndGlobalSection
	GlobalSection(SolutionProperties) = preSolution
		HideSolutionNode = FALSE
	EndGlobalSection
	GlobalSection(ExtensibilityGlobals) = postSolution
		SolutionGuid = {509A44BB-5AFE-487E-AFA5-4F150584BD10}
	EndGlobalSection
EndGlobal
